
Microsoft Visual Studio Solution File, Format Version 12.00
Project("{FAE04EC0-301F-11D3-BF4B-00C04F79EFBC}") = "AppUno", "Source\AppUno\AppUno.csproj", "{FC017D2F-FB06-4030-88F9-C840DD601C5B}"
EndProject
Project("{FAE04EC0-301F-11D3-BF4B-00C04F79EFBC}") = "AppDuo", "Source\AppDuo\AppDuo.csproj", "{2B4F47AD-A010-48F4-9F11-C5B6DDAD35D3}"
EndProject
Project("{FAE04EC0-301F-11D3-BF4B-00C04F79EFBC}") = "Common", "Source\Common\Common.csproj", "{14088971-29C1-4DC6-A604-13D0FD153C60}"
EndProject
Project("{FAE04EC0-301F-11D3-BF4B-00C04F79EFBC}") = "Tests", "Source\Tests\Tests.csproj", "{0F4973EB-CB45-45DC-B4DA-6191E77E716D}"
EndProject
Global
	GlobalSection(SolutionConfigurationPlatforms) = preSolution
		Debug|Any CPU = Debug|Any CPU
		Release|Any CPU = Release|Any CPU
	EndGlobalSection
	GlobalSection(ProjectConfigurationPlatforms) = postSolution
		{FC017D2F-FB06-4030-88F9-C840DD601C5B}.Debug|Any CPU.ActiveCfg = Debug|Any CPU
		{FC017D2F-FB06-4030-88F9-C840DD601C5B}.Debug|Any CPU.Build.0 = Debug|Any CPU
		{FC017D2F-FB06-4030-88F9-C840DD601C5B}.Release|Any CPU.ActiveCfg = Release|Any CPU
		{FC017D2F-FB06-4030-88F9-C840DD601C5B}.Release|Any CPU.Build.0 = Release|Any CPU
		{2B4F47AD-A010-48F4-9F11-C5B6DDAD35D3}.Debug|Any CPU.ActiveCfg = Debug|Any CPU
		{2B4F47AD-A010-48F4-9F11-C5B6DDAD35D3}.Debug|Any CPU.Build.0 = Debug|Any CPU
		{2B4F47AD-A010-48F4-9F11-C5B6DDAD35D3}.Release|Any CPU.ActiveCfg = Release|Any CPU
		{2B4F47AD-A010-48F4-9F11-C5B6DDAD35D3}.Release|Any CPU.Build.0 = Release|Any CPU
		{14088971-29C1-4DC6-A604-13D0FD153C60}.Debug|Any CPU.ActiveCfg = Debug|Any CPU
		{14088971-29C1-4DC6-A604-13D0FD153C60}.Debug|Any CPU.Build.0 = Debug|Any CPU
		{14088971-29C1-4DC6-A604-13D0FD153C60}.Release|Any CPU.ActiveCfg = Release|Any CPU
		{14088971-29C1-4DC6-A604-13D0FD153C60}.Release|Any CPU.Build.0 = Release|Any CPU
		{0F4973EB-CB45-45DC-B4DA-6191E77E716D}.Debug|Any CPU.ActiveCfg = Debug|Any CPU
		{0F4973EB-CB45-45DC-B4DA-6191E77E716D}.Debug|Any CPU.Build.0 = Debug|Any CPU
		{0F4973EB-CB45-45DC-B4DA-6191E77E716D}.Release|Any CPU.ActiveCfg = Release|Any CPU
		{0F4973EB-CB45-45DC-B4DA-6191E77E716D}.Release|Any CPU.Build.0 = Release|Any CPU
	EndGlobalSection
EndGlobal
